
Microsoft Visual Studio Solution File, Format Version 12.00
# Visual Studio 2012
Project("{8BC9CEB8-8B4A-11D0-8D11-00A0C91BC942}") = "Astar_test", "Astar_test\Astar_test.vcxproj", "{DB781341-01F4-45D3-911B-839449BDF883}"
EndProject
Global
	GlobalSection(SolutionConfigurationPlatforms) = preSolution
		Debug|Win32 = Debug|Win32
		Release|Win32 = Release|Win32
	EndGlobalSection
	GlobalSection(ProjectConfigurationPlatforms) = postSolution
		{DB781341-01F4-45D3-911B-839449BDF883}.Debug|Win32.ActiveCfg = Debug|Win32
		{DB781341-01F4-45D3-911B-839449BDF883}.Debug|Win32.Build.0 = Debug|Win32
		{DB781341-01F4-45D3-911B-839449BDF883}.Release|Win32.ActiveCfg = Release|Win32
		{DB781341-01F4-45D3-911B-839449BDF883}.Release|Win32.Build.0 = Release|Win32
	EndGlobalSection
	GlobalSection(SolutionProperties) = preSolution
		HideSolutionNode = FALSE
	EndGlobalSection
EndGlobal
