
Microsoft Visual Studio Solution File, Format Version 12.00
# Visual Studio 2012
Project("{8BC9CEB8-8B4A-11D0-8D11-00A0C91BC942}") = "UAV_test", "UAV_test\UAV_test.vcxproj", "{0DBBC9F0-CDD3-40D2-B3F7-D6D0D140B103}"
EndProject
Global
	GlobalSection(SolutionConfigurationPlatforms) = preSolution
		Debug|Win32 = Debug|Win32
		Release|Win32 = Release|Win32
	EndGlobalSection
	GlobalSection(ProjectConfigurationPlatforms) = postSolution
		{0DBBC9F0-CDD3-40D2-B3F7-D6D0D140B103}.Debug|Win32.ActiveCfg = Debug|Win32
		{0DBBC9F0-CDD3-40D2-B3F7-D6D0D140B103}.Debug|Win32.Build.0 = Debug|Win32
		{0DBBC9F0-CDD3-40D2-B3F7-D6D0D140B103}.Release|Win32.ActiveCfg = Release|Win32
		{0DBBC9F0-CDD3-40D2-B3F7-D6D0D140B103}.Release|Win32.Build.0 = Release|Win32
	EndGlobalSection
	GlobalSection(SolutionProperties) = preSolution
		HideSolutionNode = FALSE
	EndGlobalSection
EndGlobal
