
Microsoft Visual Studio Solution File, Format Version 12.00
# Visual Studio 2012
Project("{8BC9CEB8-8B4A-11D0-8D11-00A0C91BC942}") = "Sandbox", "Sandbox\Sandbox.vcxproj", "{F7CE641A-51C8-4FF0-A780-95BD44631AF5}"
EndProject
Global
	GlobalSection(SolutionConfigurationPlatforms) = preSolution
		Debug|Win32 = Debug|Win32
		Release|Win32 = Release|Win32
	EndGlobalSection
	GlobalSection(ProjectConfigurationPlatforms) = postSolution
		{F7CE641A-51C8-4FF0-A780-95BD44631AF5}.Debug|Win32.ActiveCfg = Debug|Win32
		{F7CE641A-51C8-4FF0-A780-95BD44631AF5}.Debug|Win32.Build.0 = Debug|Win32
		{F7CE641A-51C8-4FF0-A780-95BD44631AF5}.Release|Win32.ActiveCfg = Release|Win32
		{F7CE641A-51C8-4FF0-A780-95BD44631AF5}.Release|Win32.Build.0 = Release|Win32
	EndGlobalSection
	GlobalSection(SolutionProperties) = preSolution
		HideSolutionNode = FALSE
	EndGlobalSection
EndGlobal
